// !$*UTF8*$!
{
	archiveVersion = 1;
	classes = {
	};
	objectVersion = 56;
	objects = {

/* Begin PBXBuildFile section */
		761ADC3429ECC27200F66FB5 /* engine.framework in Frameworks */ = {isa = PBXBuildFile; fileRef = 761ADC2B29ECC27100F66FB5 /* engine.framework */; };
		761ADC3929ECC27200F66FB5 /* engineTests.swift in Sources */ = {isa = PBXBuildFile; fileRef = 761ADC3829ECC27200F66FB5 /* engineTests.swift */; };
		761ADC3A29ECC27200F66FB5 /* engine.h in Headers */ = {isa = PBXBuildFile; fileRef = 761ADC2E29ECC27100F66FB5 /* engine.h */; settings = {ATTRIBUTES = (Public, ); }; };
		761ADC4629ECC5BE00F66FB5 /* AppEngineTests.swift in Sources */ = {isa = PBXBuildFile; fileRef = 761ADC4529ECC5BE00F66FB5 /* AppEngineTests.swift */; };
		761ADC4829ECC77900F66FB5 /* AppEngine.swift in Sources */ = {isa = PBXBuildFile; fileRef = 761ADC4729ECC77900F66FB5 /* AppEngine.swift */; };
		761ADC4A29ECCDA600F66FB5 /* Goal.swift in Sources */ = {isa = PBXBuildFile; fileRef = 761ADC4929ECCDA600F66FB5 /* Goal.swift */; };
/* End PBXBuildFile section */

/* Begin PBXContainerItemProxy section */
		761ADC3529ECC27200F66FB5 /* PBXContainerItemProxy */ = {
			isa = PBXContainerItemProxy;
			containerPortal = 761ADC2229ECC27100F66FB5 /* Project object */;
			proxyType = 1;
			remoteGlobalIDString = 761ADC2A29ECC27100F66FB5;
			remoteInfo = engine;
		};
/* End PBXContainerItemProxy section */

/* Begin PBXFileReference section */
		761ADC2B29ECC27100F66FB5 /* engine.framework */ = {isa = PBXFileReference; explicitFileType = wrapper.framework; includeInIndex = 0; path = engine.framework; sourceTree = BUILT_PRODUCTS_DIR; };
		761ADC2E29ECC27100F66FB5 /* engine.h */ = {isa = PBXFileReference; lastKnownFileType = sourcecode.c.h; path = engine.h; sourceTree = "<group>"; };
		761ADC3329ECC27200F66FB5 /* engineTests.xctest */ = {isa = PBXFileReference; explicitFileType = wrapper.cfbundle; includeInIndex = 0; path = engineTests.xctest; sourceTree = BUILT_PRODUCTS_DIR; };
		761ADC3829ECC27200F66FB5 /* engineTests.swift */ = {isa = PBXFileReference; lastKnownFileType = sourcecode.swift; path = engineTests.swift; sourceTree = "<group>"; };
		761ADC4529ECC5BE00F66FB5 /* AppEngineTests.swift */ = {isa = PBXFileReference; lastKnownFileType = sourcecode.swift; path = AppEngineTests.swift; sourceTree = "<group>"; };
		761ADC4729ECC77900F66FB5 /* AppEngine.swift */ = {isa = PBXFileReference; lastKnownFileType = sourcecode.swift; path = AppEngine.swift; sourceTree = "<group>"; };
		761ADC4929ECCDA600F66FB5 /* Goal.swift */ = {isa = PBXFileReference; lastKnownFileType = sourcecode.swift; path = Goal.swift; sourceTree = "<group>"; };
/* End PBXFileReference section */

/* Begin PBXFrameworksBuildPhase section */
		761ADC2829ECC27100F66FB5 /* Frameworks */ = {
			isa = PBXFrameworksBuildPhase;
			buildActionMask = 2147483647;
			files = (
			);
			runOnlyForDeploymentPostprocessing = 0;
		};
		761ADC3029ECC27200F66FB5 /* Frameworks */ = {
			isa = PBXFrameworksBuildPhase;
			buildActionMask = 2147483647;
			files = (
				761ADC3429ECC27200F66FB5 /* engine.framework in Frameworks */,
			);
			runOnlyForDeploymentPostprocessing = 0;
		};
/* End PBXFrameworksBuildPhase section */

/* Begin PBXGroup section */
		761ADC2129ECC27100F66FB5 = {
			isa = PBXGroup;
			children = (
				761ADC2D29ECC27100F66FB5 /* engine */,
				761ADC3729ECC27200F66FB5 /* engineTests */,
				761ADC2C29ECC27100F66FB5 /* Products */,
			);
			sourceTree = "<group>";
		};
		761ADC2C29ECC27100F66FB5 /* Products */ = {
			isa = PBXGroup;
			children = (
				761ADC2B29ECC27100F66FB5 /* engine.framework */,
				761ADC3329ECC27200F66FB5 /* engineTests.xctest */,
			);
			name = Products;
			sourceTree = "<group>";
		};
		761ADC2D29ECC27100F66FB5 /* engine */ = {
			isa = PBXGroup;
			children = (
				761ADC2E29ECC27100F66FB5 /* engine.h */,
				761ADC4729ECC77900F66FB5 /* AppEngine.swift */,
				761ADC4929ECCDA600F66FB5 /* Goal.swift */,
			);
			path = engine;
			sourceTree = "<group>";
		};
		761ADC3729ECC27200F66FB5 /* engineTests */ = {
			isa = PBXGroup;
			children = (
				761ADC3829ECC27200F66FB5 /* engineTests.swift */,
				761ADC4529ECC5BE00F66FB5 /* AppEngineTests.swift */,
			);
			path = engineTests;
			sourceTree = "<group>";
		};
/* End PBXGroup section */

/* Begin PBXHeadersBuildPhase section */
		761ADC2629ECC27100F66FB5 /* Headers */ = {
			isa = PBXHeadersBuildPhase;
			buildActionMask = 2147483647;
			files = (
				761ADC3A29ECC27200F66FB5 /* engine.h in Headers */,
			);
			runOnlyForDeploymentPostprocessing = 0;
		};
/* End PBXHeadersBuildPhase section */

/* Begin PBXNativeTarget section */
		761ADC2A29ECC27100F66FB5 /* engine */ = {
			isa = PBXNativeTarget;
			buildConfigurationList = 761ADC3D29ECC27200F66FB5 /* Build configuration list for PBXNativeTarget "engine" */;
			buildPhases = (
				761ADC2629ECC27100F66FB5 /* Headers */,
				761ADC2729ECC27100F66FB5 /* Sources */,
				761ADC2829ECC27100F66FB5 /* Frameworks */,
				761ADC2929ECC27100F66FB5 /* Resources */,
			);
			buildRules = (
			);
			dependencies = (
			);
			name = engine;
			productName = engine;
			productReference = 761ADC2B29ECC27100F66FB5 /* engine.framework */;
			productType = "com.apple.product-type.framework";
		};
		761ADC3229ECC27200F66FB5 /* engineTests */ = {
			isa = PBXNativeTarget;
			buildConfigurationList = 761ADC4029ECC27200F66FB5 /* Build configuration list for PBXNativeTarget "engineTests" */;
			buildPhases = (
				761ADC2F29ECC27200F66FB5 /* Sources */,
				761ADC3029ECC27200F66FB5 /* Frameworks */,
				761ADC3129ECC27200F66FB5 /* Resources */,
			);
			buildRules = (
			);
			dependencies = (
				761ADC3629ECC27200F66FB5 /* PBXTargetDependency */,
			);
			name = engineTests;
			productName = engineTests;
			productReference = 761ADC3329ECC27200F66FB5 /* engineTests.xctest */;
			productType = "com.apple.product-type.bundle.unit-test";
		};
/* End PBXNativeTarget section */

/* Begin PBXProject section */
		761ADC2229ECC27100F66FB5 /* Project object */ = {
			isa = PBXProject;
			attributes = {
				BuildIndependentTargetsInParallel = 1;
				LastSwiftUpdateCheck = 1400;
				LastUpgradeCheck = 1400;
				TargetAttributes = {
					761ADC2A29ECC27100F66FB5 = {
						CreatedOnToolsVersion = 14.0.1;
						LastSwiftMigration = 1400;
					};
					761ADC3229ECC27200F66FB5 = {
						CreatedOnToolsVersion = 14.0.1;
					};
				};
			};
			buildConfigurationList = 761ADC2529ECC27100F66FB5 /* Build configuration list for PBXProject "engine" */;
			compatibilityVersion = "Xcode 14.0";
			developmentRegion = en;
			hasScannedForEncodings = 0;
			knownRegions = (
				en,
				Base,
			);
			mainGroup = 761ADC2129ECC27100F66FB5;
			productRefGroup = 761ADC2C29ECC27100F66FB5 /* Products */;
			projectDirPath = "";
			projectRoot = "";
			targets = (
				761ADC2A29ECC27100F66FB5 /* engine */,
				761ADC3229ECC27200F66FB5 /* engineTests */,
			);
		};
/* End PBXProject section */

/* Begin PBXResourcesBuildPhase section */
		761ADC2929ECC27100F66FB5 /* Resources */ = {
			isa = PBXResourcesBuildPhase;
			buildActionMask = 2147483647;
			files = (
			);
			runOnlyForDeploymentPostprocessing = 0;
		};
		761ADC3129ECC27200F66FB5 /* Resources */ = {
			isa = PBXResourcesBuildPhase;
			buildActionMask = 2147483647;
			files = (
			);
			runOnlyForDeploymentPostprocessing = 0;
		};
/* End PBXResourcesBuildPhase section */

/* Begin PBXSourcesBuildPhase section */
		761ADC2729ECC27100F66FB5 /* Sources */ = {
			isa = PBXSourcesBuildPhase;
			buildActionMask = 2147483647;
			files = (
				761ADC4A29ECCDA600F66FB5 /* Goal.swift in Sources */,
				761ADC4829ECC77900F66FB5 /* AppEngine.swift in Sources */,
			);
			runOnlyForDeploymentPostprocessing = 0;
		};
		761ADC2F29ECC27200F66FB5 /* Sources */ = {
			isa = PBXSourcesBuildPhase;
			buildActionMask = 2147483647;
			files = (
				761ADC3929ECC27200F66FB5 /* engineTests.swift in Sources */,
				761ADC4629ECC5BE00F66FB5 /* AppEngineTests.swift in Sources */,
			);
			runOnlyForDeploymentPostprocessing = 0;
		};
/* End PBXSourcesBuildPhase section */

/* Begin PBXTargetDependency section */
		761ADC3629ECC27200F66FB5 /* PBXTargetDependency */ = {
			isa = PBXTargetDependency;
			target = 761ADC2A29ECC27100F66FB5 /* engine */;
			targetProxy = 761ADC3529ECC27200F66FB5 /* PBXContainerItemProxy */;
		};
/* End PBXTargetDependency section */

/* Begin XCBuildConfiguration section */
		761ADC3B29ECC27200F66FB5 /* Debug */ = {
			isa = XCBuildConfiguration;
			buildSettings = {
				ALWAYS_SEARCH_USER_PATHS = NO;
				CLANG_ANALYZER_NONNULL = YES;
				CLANG_ANALYZER_NUMBER_OBJECT_CONVERSION = YES_AGGRESSIVE;
				CLANG_CXX_LANGUAGE_STANDARD = "gnu++20";
				CLANG_ENABLE_MODULES = YES;
				CLANG_ENABLE_OBJC_ARC = YES;
				CLANG_ENABLE_OBJC_WEAK = YES;
				CLANG_WARN_BLOCK_CAPTURE_AUTORELEASING = YES;
				CLANG_WARN_BOOL_CONVERSION = YES;
				CLANG_WARN_COMMA = YES;
				CLANG_WARN_CONSTANT_CONVERSION = YES;
				CLANG_WARN_DEPRECATED_OBJC_IMPLEMENTATIONS = YES;
				CLANG_WARN_DIRECT_OBJC_ISA_USAGE = YES_ERROR;
				CLANG_WARN_DOCUMENTATION_COMMENTS = YES;
				CLANG_WARN_EMPTY_BODY = YES;
				CLANG_WARN_ENUM_CONVERSION = YES;
				CLANG_WARN_INFINITE_RECURSION = YES;
				CLANG_WARN_INT_CONVERSION = YES;
				CLANG_WARN_NON_LITERAL_NULL_CONVERSION = YES;
				CLANG_WARN_OBJC_IMPLICIT_RETAIN_SELF = YES;
				CLANG_WARN_OBJC_LITERAL_CONVERSION = YES;
				CLANG_WARN_OBJC_ROOT_CLASS = YES_ERROR;
				CLANG_WARN_QUOTED_INCLUDE_IN_FRAMEWORK_HEADER = YES;
				CLANG_WARN_RANGE_LOOP_ANALYSIS = YES;
				CLANG_WARN_STRICT_PROTOTYPES = YES;
				CLANG_WARN_SUSPICIOUS_MOVE = YES;
				CLANG_WARN_UNGUARDED_AVAILABILITY = YES_AGGRESSIVE;
				CLANG_WARN_UNREACHABLE_CODE = YES;
				CLANG_WARN__DUPLICATE_METHOD_MATCH = YES;
				COPY_PHASE_STRIP = NO;
				CURRENT_PROJECT_VERSION = 1;
				DEBUG_INFORMATION_FORMAT = dwarf;
				ENABLE_STRICT_OBJC_MSGSEND = YES;
				ENABLE_TESTABILITY = YES;
				GCC_C_LANGUAGE_STANDARD = gnu11;
				GCC_DYNAMIC_NO_PIC = NO;
				GCC_NO_COMMON_BLOCKS = YES;
				GCC_OPTIMIZATION_LEVEL = 0;
				GCC_PREPROCESSOR_DEFINITIONS = (
					"DEBUG=1",
					"$(inherited)",
				);
				GCC_WARN_64_TO_32_BIT_CONVERSION = YES;
				GCC_WARN_ABOUT_RETURN_TYPE = YES_ERROR;
				GCC_WARN_UNDECLARED_SELECTOR = YES;
				GCC_WARN_UNINITIALIZED_AUTOS = YES_AGGRESSIVE;
				GCC_WARN_UNUSED_FUNCTION = YES;
				GCC_WARN_UNUSED_VARIABLE = YES;
				MTL_ENABLE_DEBUG_INFO = INCLUDE_SOURCE;
				MTL_FAST_MATH = YES;
				ONLY_ACTIVE_ARCH = YES;
				SWIFT_ACTIVE_COMPILATION_CONDITIONS = DEBUG;
				SWIFT_OPTIMIZATION_LEVEL = "-Onone";
				VERSIONING_SYSTEM = "apple-generic";
				VERSION_INFO_PREFIX = "";
			};
			name = Debug;
		};
		761ADC3C29ECC27200F66FB5 /* Release */ = {
			isa = XCBuildConfiguration;
			buildSettings = {
				ALWAYS_SEARCH_USER_PATHS = NO;
				CLANG_ANALYZER_NONNULL = YES;
				CLANG_ANALYZER_NUMBER_OBJECT_CONVERSION = YES_AGGRESSIVE;
				CLANG_CXX_LANGUAGE_STANDARD = "gnu++20";
				CLANG_ENABLE_MODULES = YES;
				CLANG_ENABLE_OBJC_ARC = YES;
				CLANG_ENABLE_OBJC_WEAK = YES;
				CLANG_WARN_BLOCK_CAPTURE_AUTORELEASING = YES;
				CLANG_WARN_BOOL_CONVERSION = YES;
				CLANG_WARN_COMMA = YES;
				CLANG_WARN_CONSTANT_CONVERSION = YES;
				CLANG_WARN_DEPRECATED_OBJC_IMPLEMENTATIONS = YES;
				CLANG_WARN_DIRECT_OBJC_ISA_USAGE = YES_ERROR;
				CLANG_WARN_DOCUMENTATION_COMMENTS = YES;
				CLANG_WARN_EMPTY_BODY = YES;
				CLANG_WARN_ENUM_CONVERSION = YES;
				CLANG_WARN_INFINITE_RECURSION = YES;
				CLANG_WARN_INT_CONVERSION = YES;
				CLANG_WARN_NON_LITERAL_NULL_CONVERSION = YES;
				CLANG_WARN_OBJC_IMPLICIT_RETAIN_SELF = YES;
				CLANG_WARN_OBJC_LITERAL_CONVERSION = YES;
				CLANG_WARN_OBJC_ROOT_CLASS = YES_ERROR;
				CLANG_WARN_QUOTED_INCLUDE_IN_FRAMEWORK_HEADER = YES;
				CLANG_WARN_RANGE_LOOP_ANALYSIS = YES;
				CLANG_WARN_STRICT_PROTOTYPES = YES;
				CLANG_WARN_SUSPICIOUS_MOVE = YES;
				CLANG_WARN_UNGUARDED_AVAILABILITY = YES_AGGRESSIVE;
				CLANG_WARN_UNREACHABLE_CODE = YES;
				CLANG_WARN__DUPLICATE_METHOD_MATCH = YES;
				COPY_PHASE_STRIP = NO;
				CURRENT_PROJECT_VERSION = 1;
				DEBUG_INFORMATION_FORMAT = "dwarf-with-dsym";
				ENABLE_NS_ASSERTIONS = NO;
				ENABLE_STRICT_OBJC_MSGSEND = YES;
				GCC_C_LANGUAGE_STANDARD = gnu11;
				GCC_NO_COMMON_BLOCKS = YES;
				GCC_WARN_64_TO_32_BIT_CONVERSION = YES;
				GCC_WARN_ABOUT_RETURN_TYPE = YES_ERROR;
				GCC_WARN_UNDECLARED_SELECTOR = YES;
				GCC_WARN_UNINITIALIZED_AUTOS = YES_AGGRESSIVE;
				GCC_WARN_UNUSED_FUNCTION = YES;
				GCC_WARN_UNUSED_VARIABLE = YES;
				MTL_ENABLE_DEBUG_INFO = NO;
				MTL_FAST_MATH = YES;
				SWIFT_COMPILATION_MODE = wholemodule;
				SWIFT_OPTIMIZATION_LEVEL = "-O";
				VERSIONING_SYSTEM = "apple-generic";
				VERSION_INFO_PREFIX = "";
			};
			name = Release;
		};
		761ADC3E29ECC27200F66FB5 /* Debug */ = {
			isa = XCBuildConfiguration;
			buildSettings = {
				CLANG_ENABLE_MODULES = YES;
				CODE_SIGN_STYLE = Automatic;
				CURRENT_PROJECT_VERSION = 1;
				DEFINES_MODULE = YES;
				DEVELOPMENT_TEAM = QK3583965A;
				DYLIB_COMPATIBILITY_VERSION = 1;
				DYLIB_CURRENT_VERSION = 1;
				DYLIB_INSTALL_NAME_BASE = "@rpath";
				GENERATE_INFOPLIST_FILE = YES;
				INFOPLIST_KEY_NSHumanReadableCopyright = "";
				INSTALL_PATH = "$(LOCAL_LIBRARY_DIR)/Frameworks";
				IPHONEOS_DEPLOYMENT_TARGET = 16.0;
				LD_RUNPATH_SEARCH_PATHS = (
					"@executable_path/Frameworks",
					"@loader_path/Frameworks",
				);
				"LD_RUNPATH_SEARCH_PATHS[sdk=macosx*]" = (
					"@executable_path/../Frameworks",
					"@loader_path/Frameworks",
				);
				MACOSX_DEPLOYMENT_TARGET = 12.3;
				MARKETING_VERSION = 1.0;
				PRODUCT_BUNDLE_IDENTIFIER = com.jheank16oz.engine;
				PRODUCT_NAME = "$(TARGET_NAME:c99extidentifier)";
				SDKROOT = auto;
				SKIP_INSTALL = YES;
				SUPPORTED_PLATFORMS = "iphoneos iphonesimulator macosx";
				SWIFT_EMIT_LOC_STRINGS = YES;
				SWIFT_OPTIMIZATION_LEVEL = "-Onone";
				SWIFT_VERSION = 5.0;
				TARGETED_DEVICE_FAMILY = "1,2";
			};
			name = Debug;
		};
		761ADC3F29ECC27200F66FB5 /* Release */ = {
			isa = XCBuildConfiguration;
			buildSettings = {
				CLANG_ENABLE_MODULES = YES;
				CODE_SIGN_STYLE = Automatic;
				CURRENT_PROJECT_VERSION = 1;
				DEFINES_MODULE = YES;
				DEVELOPMENT_TEAM = QK3583965A;
				DYLIB_COMPATIBILITY_VERSION = 1;
				DYLIB_CURRENT_VERSION = 1;
				DYLIB_INSTALL_NAME_BASE = "@rpath";
				GENERATE_INFOPLIST_FILE = YES;
				INFOPLIST_KEY_NSHumanReadableCopyright = "";
				INSTALL_PATH = "$(LOCAL_LIBRARY_DIR)/Frameworks";
				IPHONEOS_DEPLOYMENT_TARGET = 16.0;
				LD_RUNPATH_SEARCH_PATHS = (
					"@executable_path/Frameworks",
					"@loader_path/Frameworks",
				);
				"LD_RUNPATH_SEARCH_PATHS[sdk=macosx*]" = (
					"@executable_path/../Frameworks",
					"@loader_path/Frameworks",
				);
				MACOSX_DEPLOYMENT_TARGET = 12.3;
				MARKETING_VERSION = 1.0;
				PRODUCT_BUNDLE_IDENTIFIER = com.jheank16oz.engine;
				PRODUCT_NAME = "$(TARGET_NAME:c99extidentifier)";
				SDKROOT = auto;
				SKIP_INSTALL = YES;
				SUPPORTED_PLATFORMS = "iphoneos iphonesimulator macosx";
				SWIFT_EMIT_LOC_STRINGS = YES;
				SWIFT_VERSION = 5.0;
				TARGETED_DEVICE_FAMILY = "1,2";
			};
			name = Release;
		};
		761ADC4129ECC27200F66FB5 /* Debug */ = {
			isa = XCBuildConfiguration;
			buildSettings = {
				ALWAYS_EMBED_SWIFT_STANDARD_LIBRARIES = YES;
				CODE_SIGN_STYLE = Automatic;
				CURRENT_PROJECT_VERSION = 1;
				DEVELOPMENT_TEAM = QK3583965A;
				GENERATE_INFOPLIST_FILE = YES;
				IPHONEOS_DEPLOYMENT_TARGET = 16.0;
				MACOSX_DEPLOYMENT_TARGET = 12.3;
				MARKETING_VERSION = 1.0;
				PRODUCT_BUNDLE_IDENTIFIER = com.jheank16oz.engineTests;
				PRODUCT_NAME = "$(TARGET_NAME)";
				SDKROOT = auto;
				SUPPORTED_PLATFORMS = "iphoneos iphonesimulator macosx";
				SWIFT_EMIT_LOC_STRINGS = NO;
				SWIFT_VERSION = 5.0;
				TARGETED_DEVICE_FAMILY = "1,2";
			};
			name = Debug;
		};
		761ADC4229ECC27200F66FB5 /* Release */ = {
			isa = XCBuildConfiguration;
			buildSettings = {
				ALWAYS_EMBED_SWIFT_STANDARD_LIBRARIES = YES;
				CODE_SIGN_STYLE = Automatic;
				CURRENT_PROJECT_VERSION = 1;
				DEVELOPMENT_TEAM = QK3583965A;
				GENERATE_INFOPLIST_FILE = YES;
				IPHONEOS_DEPLOYMENT_TARGET = 16.0;
				MACOSX_DEPLOYMENT_TARGET = 12.3;
				MARKETING_VERSION = 1.0;
				PRODUCT_BUNDLE_IDENTIFIER = com.jheank16oz.engineTests;
				PRODUCT_NAME = "$(TARGET_NAME)";
				SDKROOT = auto;
				SUPPORTED_PLATFORMS = "iphoneos iphonesimulator macosx";
				SWIFT_EMIT_LOC_STRINGS = NO;
				SWIFT_VERSION = 5.0;
				TARGETED_DEVICE_FAMILY = "1,2";
			};
			name = Release;
		};
/* End XCBuildConfiguration section */

/* Begin XCConfigurationList section */
		761ADC2529ECC27100F66FB5 /* Build configuration list for PBXProject "engine" */ = {
			isa = XCConfigurationList;
			buildConfigurations = (
				761ADC3B29ECC27200F66FB5 /* Debug */,
				761ADC3C29ECC27200F66FB5 /* Release */,
			);
			defaultConfigurationIsVisible = 0;
			defaultConfigurationName = Release;
		};
		761ADC3D29ECC27200F66FB5 /* Build configuration list for PBXNativeTarget "engine" */ = {
			isa = XCConfigurationList;
			buildConfigurations = (
				761ADC3E29ECC27200F66FB5 /* Debug */,
				761ADC3F29ECC27200F66FB5 /* Release */,
			);
			defaultConfigurationIsVisible = 0;
			defaultConfigurationName = Release;
		};
		761ADC4029ECC27200F66FB5 /* Build configuration list for PBXNativeTarget "engineTests" */ = {
			isa = XCConfigurationList;
			buildConfigurations = (
				761ADC4129ECC27200F66FB5 /* Debug */,
				761ADC4229ECC27200F66FB5 /* Release */,
			);
			defaultConfigurationIsVisible = 0;
			defaultConfigurationName = Release;
		};
/* End XCConfigurationList section */
	};
	rootObject = 761ADC2229ECC27100F66FB5 /* Project object */;
}
